
Microsoft Visual Studio Solution File, Format Version 12.00
# Visual Studio Version 16
VisualStudioVersion = 16.0.30011.22
MinimumVisualStudioVersion = 10.0.40219.1
Project("{FAE04EC0-301F-11D3-BF4B-00C04F79EFBC}") = "ProjectWebNangCao", "ProjectWebNangCao\ProjectWebNangCao.csproj", "{87086FB5-BCDD-44A3-8B54-35108CFE83A7}"
EndProject
Global
	GlobalSection(SolutionConfigurationPlatforms) = preSolution
		Debug|Any CPU = Debug|Any CPU
		Release|Any CPU = Release|Any CPU
	EndGlobalSection
	GlobalSection(ProjectConfigurationPlatforms) = postSolution
		{87086FB5-BCDD-44A3-8B54-35108CFE83A7}.Debug|Any CPU.ActiveCfg = Debug|Any CPU
		{87086FB5-BCDD-44A3-8B54-35108CFE83A7}.Debug|Any CPU.Build.0 = Debug|Any CPU
		{87086FB5-BCDD-44A3-8B54-35108CFE83A7}.Release|Any CPU.ActiveCfg = Release|Any CPU
		{87086FB5-BCDD-44A3-8B54-35108CFE83A7}.Release|Any CPU.Build.0 = Release|Any CPU
	EndGlobalSection
	GlobalSection(SolutionProperties) = preSolution
		HideSolutionNode = FALSE
	EndGlobalSection
	GlobalSection(ExtensibilityGlobals) = postSolution
		SolutionGuid = {76A9D43C-F88E-44EE-A21D-14C0E7CD780A}
	EndGlobalSection
EndGlobal
